// !$*UTF8*$!
{
	archiveVersion = 1;
	classes = {
	};
	objectVersion = 50;
	objects = {

/* Begin PBXBuildFile section */
		449F40DB41760AB322B2C695 /* Pods_BakuSnakeTests.framework in Frameworks */ = {isa = PBXBuildFile; fileRef = 958156B38ADB33A19D25AA63 /* Pods_BakuSnakeTests.framework */; };
		50F94B236F6F518AE9DA4E59 /* Pods_BakuSnake_BakuSnakeUITests.framework in Frameworks */ = {isa = PBXBuildFile; fileRef = FBE49F821CAD4FD888747D1E /* Pods_BakuSnake_BakuSnakeUITests.framework */; };
		544795D5255561DA000605F9 /* Snake.swift in Sources */ = {isa = PBXBuildFile; fileRef = 544795D4255561DA000605F9 /* Snake.swift */; };
		544795D6255561DB000605F9 /* Snake.swift in Sources */ = {isa = PBXBuildFile; fileRef = 544795D4255561DA000605F9 /* Snake.swift */; };
		544795E725566CC5000605F9 /* Foods.swift in Sources */ = {isa = PBXBuildFile; fileRef = 544795E625566CC5000605F9 /* Foods.swift */; };
		544795E825566CC5000605F9 /* Foods.swift in Sources */ = {isa = PBXBuildFile; fileRef = 544795E625566CC5000605F9 /* Foods.swift */; };
		544795ED255D4D7F000605F9 /* GameView.swift in Sources */ = {isa = PBXBuildFile; fileRef = 544795EC255D4D7F000605F9 /* GameView.swift */; };
		546CA03D254D3B8300F2CA5F /* BakuSnakeApp.swift in Sources */ = {isa = PBXBuildFile; fileRef = 546CA03C254D3B8300F2CA5F /* BakuSnakeApp.swift */; };
		546CA03F254D3B8300F2CA5F /* ContentView.swift in Sources */ = {isa = PBXBuildFile; fileRef = 546CA03E254D3B8300F2CA5F /* ContentView.swift */; };
		546CA041254D3B8400F2CA5F /* Assets.xcassets in Resources */ = {isa = PBXBuildFile; fileRef = 546CA040254D3B8400F2CA5F /* Assets.xcassets */; };
		546CA044254D3B8400F2CA5F /* Preview Assets.xcassets in Resources */ = {isa = PBXBuildFile; fileRef = 546CA043254D3B8400F2CA5F /* Preview Assets.xcassets */; };
		546CA04F254D3B8400F2CA5F /* BakuSnakeTests.swift in Sources */ = {isa = PBXBuildFile; fileRef = 546CA04E254D3B8400F2CA5F /* BakuSnakeTests.swift */; };
		546CA05A254D3B8400F2CA5F /* BakuSnakeUITests.swift in Sources */ = {isa = PBXBuildFile; fileRef = 546CA059254D3B8400F2CA5F /* BakuSnakeUITests.swift */; };
		55268DBB62D2508399C2BEA5 /* Pods_BakuSnake.framework in Frameworks */ = {isa = PBXBuildFile; fileRef = EEC96C70718F4EE6BC3365CC /* Pods_BakuSnake.framework */; };
/* End PBXBuildFile section */

/* Begin PBXContainerItemProxy section */
		546CA04B254D3B8400F2CA5F /* PBXContainerItemProxy */ = {
			isa = PBXContainerItemProxy;
			containerPortal = 546CA031254D3B8300F2CA5F /* Project object */;
			proxyType = 1;
			remoteGlobalIDString = 546CA038254D3B8300F2CA5F;
			remoteInfo = BakuSnake;
		};
		546CA056254D3B8400F2CA5F /* PBXContainerItemProxy */ = {
			isa = PBXContainerItemProxy;
			containerPortal = 546CA031254D3B8300F2CA5F /* Project object */;
			proxyType = 1;
			remoteGlobalIDString = 546CA038254D3B8300F2CA5F;
			remoteInfo = BakuSnake;
		};
/* End PBXContainerItemProxy section */

/* Begin PBXFileReference section */
		22703312A607F9F8E2395A67 /* Pods-BakuSnake-BakuSnakeUITests.debug.xcconfig */ = {isa = PBXFileReference; includeInIndex = 1; lastKnownFileType = text.xcconfig; name = "Pods-BakuSnake-BakuSnakeUITests.debug.xcconfig"; path = "Target Support Files/Pods-BakuSnake-BakuSnakeUITests/Pods-BakuSnake-BakuSnakeUITests.debug.xcconfig"; sourceTree = "<group>"; };
		23435561A2CC4539CDB144F1 /* Pods-BakuSnake.debug.xcconfig */ = {isa = PBXFileReference; includeInIndex = 1; lastKnownFileType = text.xcconfig; name = "Pods-BakuSnake.debug.xcconfig"; path = "Target Support Files/Pods-BakuSnake/Pods-BakuSnake.debug.xcconfig"; sourceTree = "<group>"; };
		544795D4255561DA000605F9 /* Snake.swift */ = {isa = PBXFileReference; lastKnownFileType = sourcecode.swift; path = Snake.swift; sourceTree = "<group>"; };
		544795E625566CC5000605F9 /* Foods.swift */ = {isa = PBXFileReference; lastKnownFileType = sourcecode.swift; path = Foods.swift; sourceTree = "<group>"; };
		544795EC255D4D7F000605F9 /* GameView.swift */ = {isa = PBXFileReference; lastKnownFileType = sourcecode.swift; path = GameView.swift; sourceTree = "<group>"; };
		546CA039254D3B8300F2CA5F /* BakuSnake.app */ = {isa = PBXFileReference; explicitFileType = wrapper.application; includeInIndex = 0; path = BakuSnake.app; sourceTree = BUILT_PRODUCTS_DIR; };
		546CA03C254D3B8300F2CA5F /* BakuSnakeApp.swift */ = {isa = PBXFileReference; lastKnownFileType = sourcecode.swift; path = BakuSnakeApp.swift; sourceTree = "<group>"; };
		546CA03E254D3B8300F2CA5F /* ContentView.swift */ = {isa = PBXFileReference; lastKnownFileType = sourcecode.swift; path = ContentView.swift; sourceTree = "<group>"; };
		546CA040254D3B8400F2CA5F /* Assets.xcassets */ = {isa = PBXFileReference; lastKnownFileType = folder.assetcatalog; path = Assets.xcassets; sourceTree = "<group>"; };
		546CA043254D3B8400F2CA5F /* Preview Assets.xcassets */ = {isa = PBXFileReference; lastKnownFileType = folder.assetcatalog; path = "Preview Assets.xcassets"; sourceTree = "<group>"; };
		546CA045254D3B8400F2CA5F /* Info.plist */ = {isa = PBXFileReference; lastKnownFileType = text.plist.xml; path = Info.plist; sourceTree = "<group>"; };
		546CA04A254D3B8400F2CA5F /* BakuSnakeTests.xctest */ = {isa = PBXFileReference; explicitFileType = wrapper.cfbundle; includeInIndex = 0; path = BakuSnakeTests.xctest; sourceTree = BUILT_PRODUCTS_DIR; };
		546CA04E254D3B8400F2CA5F /* BakuSnakeTests.swift */ = {isa = PBXFileReference; lastKnownFileType = sourcecode.swift; path = BakuSnakeTests.swift; sourceTree = "<group>"; };
		546CA050254D3B8400F2CA5F /* Info.plist */ = {isa = PBXFileReference; lastKnownFileType = text.plist.xml; path = Info.plist; sourceTree = "<group>"; };
		546CA055254D3B8400F2CA5F /* BakuSnakeUITests.xctest */ = {isa = PBXFileReference; explicitFileType = wrapper.cfbundle; includeInIndex = 0; path = BakuSnakeUITests.xctest; sourceTree = BUILT_PRODUCTS_DIR; };
		546CA059254D3B8400F2CA5F /* BakuSnakeUITests.swift */ = {isa = PBXFileReference; lastKnownFileType = sourcecode.swift; path = BakuSnakeUITests.swift; sourceTree = "<group>"; };
		546CA05B254D3B8400F2CA5F /* Info.plist */ = {isa = PBXFileReference; lastKnownFileType = text.plist.xml; path = Info.plist; sourceTree = "<group>"; };
		546CA06A254D3B9B00F2CA5F /* README.md */ = {isa = PBXFileReference; lastKnownFileType = net.daringfireball.markdown; path = README.md; sourceTree = "<group>"; };
		74736E044D73A967D5DE9B55 /* Pods-BakuSnakeTests.debug.xcconfig */ = {isa = PBXFileReference; includeInIndex = 1; lastKnownFileType = text.xcconfig; name = "Pods-BakuSnakeTests.debug.xcconfig"; path = "Target Support Files/Pods-BakuSnakeTests/Pods-BakuSnakeTests.debug.xcconfig"; sourceTree = "<group>"; };
		9126E026D1568390318C8B73 /* Pods-BakuSnake-BakuSnakeUITests.release.xcconfig */ = {isa = PBXFileReference; includeInIndex = 1; lastKnownFileType = text.xcconfig; name = "Pods-BakuSnake-BakuSnakeUITests.release.xcconfig"; path = "Target Support Files/Pods-BakuSnake-BakuSnakeUITests/Pods-BakuSnake-BakuSnakeUITests.release.xcconfig"; sourceTree = "<group>"; };
		958156B38ADB33A19D25AA63 /* Pods_BakuSnakeTests.framework */ = {isa = PBXFileReference; explicitFileType = wrapper.framework; includeInIndex = 0; path = Pods_BakuSnakeTests.framework; sourceTree = BUILT_PRODUCTS_DIR; };
		983A5E0BE84236C6D36194BA /* Pods-BakuSnakeTests.release.xcconfig */ = {isa = PBXFileReference; includeInIndex = 1; lastKnownFileType = text.xcconfig; name = "Pods-BakuSnakeTests.release.xcconfig"; path = "Target Support Files/Pods-BakuSnakeTests/Pods-BakuSnakeTests.release.xcconfig"; sourceTree = "<group>"; };
		EEC96C70718F4EE6BC3365CC /* Pods_BakuSnake.framework */ = {isa = PBXFileReference; explicitFileType = wrapper.framework; includeInIndex = 0; path = Pods_BakuSnake.framework; sourceTree = BUILT_PRODUCTS_DIR; };
		F3BD105350F1EF8B74E66C28 /* Pods-BakuSnake.release.xcconfig */ = {isa = PBXFileReference; includeInIndex = 1; lastKnownFileType = text.xcconfig; name = "Pods-BakuSnake.release.xcconfig"; path = "Target Support Files/Pods-BakuSnake/Pods-BakuSnake.release.xcconfig"; sourceTree = "<group>"; };
		FBE49F821CAD4FD888747D1E /* Pods_BakuSnake_BakuSnakeUITests.framework */ = {isa = PBXFileReference; explicitFileType = wrapper.framework; includeInIndex = 0; path = Pods_BakuSnake_BakuSnakeUITests.framework; sourceTree = BUILT_PRODUCTS_DIR; };
/* End PBXFileReference section */

/* Begin PBXFrameworksBuildPhase section */
		546CA036254D3B8300F2CA5F /* Frameworks */ = {
			isa = PBXFrameworksBuildPhase;
			buildActionMask = 2147483647;
			files = (
				55268DBB62D2508399C2BEA5 /* Pods_BakuSnake.framework in Frameworks */,
			);
			runOnlyForDeploymentPostprocessing = 0;
		};
		546CA047254D3B8400F2CA5F /* Frameworks */ = {
			isa = PBXFrameworksBuildPhase;
			buildActionMask = 2147483647;
			files = (
				449F40DB41760AB322B2C695 /* Pods_BakuSnakeTests.framework in Frameworks */,
			);
			runOnlyForDeploymentPostprocessing = 0;
		};
		546CA052254D3B8400F2CA5F /* Frameworks */ = {
			isa = PBXFrameworksBuildPhase;
			buildActionMask = 2147483647;
			files = (
				50F94B236F6F518AE9DA4E59 /* Pods_BakuSnake_BakuSnakeUITests.framework in Frameworks */,
			);
			runOnlyForDeploymentPostprocessing = 0;
		};
/* End PBXFrameworksBuildPhase section */

/* Begin PBXGroup section */
		4D6DF6948FE3B28F1280ABA7 /* Pods */ = {
			isa = PBXGroup;
			children = (
				23435561A2CC4539CDB144F1 /* Pods-BakuSnake.debug.xcconfig */,
				F3BD105350F1EF8B74E66C28 /* Pods-BakuSnake.release.xcconfig */,
				22703312A607F9F8E2395A67 /* Pods-BakuSnake-BakuSnakeUITests.debug.xcconfig */,
				9126E026D1568390318C8B73 /* Pods-BakuSnake-BakuSnakeUITests.release.xcconfig */,
				74736E044D73A967D5DE9B55 /* Pods-BakuSnakeTests.debug.xcconfig */,
				983A5E0BE84236C6D36194BA /* Pods-BakuSnakeTests.release.xcconfig */,
			);
			path = Pods;
			sourceTree = "<group>";
		};
		544795D02555611F000605F9 /* View */ = {
			isa = PBXGroup;
			children = (
				546CA03E254D3B8300F2CA5F /* ContentView.swift */,
				544795EC255D4D7F000605F9 /* GameView.swift */,
			);
			path = View;
			sourceTree = "<group>";
		};
		544795D225556155000605F9 /* Model */ = {
			isa = PBXGroup;
			children = (
				544795D4255561DA000605F9 /* Snake.swift */,
				544795E625566CC5000605F9 /* Foods.swift */,
			);
			path = Model;
			sourceTree = "<group>";
		};
		544795D325556166000605F9 /* ViewModel */ = {
			isa = PBXGroup;
			children = (
			);
			path = ViewModel;
			sourceTree = "<group>";
		};
		546CA030254D3B8300F2CA5F = {
			isa = PBXGroup;
			children = (
				546CA06A254D3B9B00F2CA5F /* README.md */,
				546CA03B254D3B8300F2CA5F /* BakuSnake */,
				546CA04D254D3B8400F2CA5F /* BakuSnakeTests */,
				546CA058254D3B8400F2CA5F /* BakuSnakeUITests */,
				546CA03A254D3B8300F2CA5F /* Products */,
				4D6DF6948FE3B28F1280ABA7 /* Pods */,
				FC5ECC42C35B1CFD15F4CBB5 /* Frameworks */,
			);
			sourceTree = "<group>";
		};
		546CA03A254D3B8300F2CA5F /* Products */ = {
			isa = PBXGroup;
			children = (
				546CA039254D3B8300F2CA5F /* BakuSnake.app */,
				546CA04A254D3B8400F2CA5F /* BakuSnakeTests.xctest */,
				546CA055254D3B8400F2CA5F /* BakuSnakeUITests.xctest */,
			);
			name = Products;
			sourceTree = "<group>";
		};
		546CA03B254D3B8300F2CA5F /* BakuSnake */ = {
			isa = PBXGroup;
			children = (
				546CA03C254D3B8300F2CA5F /* BakuSnakeApp.swift */,
				544795D225556155000605F9 /* Model */,
				544795D02555611F000605F9 /* View */,
				544795D325556166000605F9 /* ViewModel */,
				546CA040254D3B8400F2CA5F /* Assets.xcassets */,
				546CA045254D3B8400F2CA5F /* Info.plist */,
				546CA042254D3B8400F2CA5F /* Preview Content */,
			);
			path = BakuSnake;
			sourceTree = "<group>";
		};
		546CA042254D3B8400F2CA5F /* Preview Content */ = {
			isa = PBXGroup;
			children = (
				546CA043254D3B8400F2CA5F /* Preview Assets.xcassets */,
			);
			path = "Preview Content";
			sourceTree = "<group>";
		};
		546CA04D254D3B8400F2CA5F /* BakuSnakeTests */ = {
			isa = PBXGroup;
			children = (
				546CA04E254D3B8400F2CA5F /* BakuSnakeTests.swift */,
				546CA050254D3B8400F2CA5F /* Info.plist */,
			);
			path = BakuSnakeTests;
			sourceTree = "<group>";
		};
		546CA058254D3B8400F2CA5F /* BakuSnakeUITests */ = {
			isa = PBXGroup;
			children = (
				546CA059254D3B8400F2CA5F /* BakuSnakeUITests.swift */,
				546CA05B254D3B8400F2CA5F /* Info.plist */,
			);
			path = BakuSnakeUITests;
			sourceTree = "<group>";
		};
		FC5ECC42C35B1CFD15F4CBB5 /* Frameworks */ = {
			isa = PBXGroup;
			children = (
				EEC96C70718F4EE6BC3365CC /* Pods_BakuSnake.framework */,
				FBE49F821CAD4FD888747D1E /* Pods_BakuSnake_BakuSnakeUITests.framework */,
				958156B38ADB33A19D25AA63 /* Pods_BakuSnakeTests.framework */,
			);
			name = Frameworks;
			sourceTree = "<group>";
		};
/* End PBXGroup section */

/* Begin PBXNativeTarget section */
		546CA038254D3B8300F2CA5F /* BakuSnake */ = {
			isa = PBXNativeTarget;
			buildConfigurationList = 546CA05E254D3B8400F2CA5F /* Build configuration list for PBXNativeTarget "BakuSnake" */;
			buildPhases = (
				773D762C2C6778B5CD9D76FE /* [CP] Check Pods Manifest.lock */,
				546CA035254D3B8300F2CA5F /* Sources */,
				546CA036254D3B8300F2CA5F /* Frameworks */,
				546CA037254D3B8300F2CA5F /* Resources */,
			);
			buildRules = (
			);
			dependencies = (
			);
			name = BakuSnake;
			productName = BakuSnake;
			productReference = 546CA039254D3B8300F2CA5F /* BakuSnake.app */;
			productType = "com.apple.product-type.application";
		};
		546CA049254D3B8400F2CA5F /* BakuSnakeTests */ = {
			isa = PBXNativeTarget;
			buildConfigurationList = 546CA061254D3B8400F2CA5F /* Build configuration list for PBXNativeTarget "BakuSnakeTests" */;
			buildPhases = (
				263089BC23AB6A5B9B9315D7 /* [CP] Check Pods Manifest.lock */,
				546CA046254D3B8400F2CA5F /* Sources */,
				546CA047254D3B8400F2CA5F /* Frameworks */,
				546CA048254D3B8400F2CA5F /* Resources */,
			);
			buildRules = (
			);
			dependencies = (
				546CA04C254D3B8400F2CA5F /* PBXTargetDependency */,
			);
			name = BakuSnakeTests;
			productName = BakuSnakeTests;
			productReference = 546CA04A254D3B8400F2CA5F /* BakuSnakeTests.xctest */;
			productType = "com.apple.product-type.bundle.unit-test";
		};
		546CA054254D3B8400F2CA5F /* BakuSnakeUITests */ = {
			isa = PBXNativeTarget;
			buildConfigurationList = 546CA064254D3B8400F2CA5F /* Build configuration list for PBXNativeTarget "BakuSnakeUITests" */;
			buildPhases = (
				C73FFEA3DD9415B664D98515 /* [CP] Check Pods Manifest.lock */,
				546CA051254D3B8400F2CA5F /* Sources */,
				546CA052254D3B8400F2CA5F /* Frameworks */,
				546CA053254D3B8400F2CA5F /* Resources */,
			);
			buildRules = (
			);
			dependencies = (
				546CA057254D3B8400F2CA5F /* PBXTargetDependency */,
			);
			name = BakuSnakeUITests;
			productName = BakuSnakeUITests;
			productReference = 546CA055254D3B8400F2CA5F /* BakuSnakeUITests.xctest */;
			productType = "com.apple.product-type.bundle.ui-testing";
		};
/* End PBXNativeTarget section */

/* Begin PBXProject section */
		546CA031254D3B8300F2CA5F /* Project object */ = {
			isa = PBXProject;
			attributes = {
				LastSwiftUpdateCheck = 1210;
				LastUpgradeCheck = 1210;
				TargetAttributes = {
					546CA038254D3B8300F2CA5F = {
						CreatedOnToolsVersion = 12.1;
					};
					546CA049254D3B8400F2CA5F = {
						CreatedOnToolsVersion = 12.1;
						TestTargetID = 546CA038254D3B8300F2CA5F;
					};
					546CA054254D3B8400F2CA5F = {
						CreatedOnToolsVersion = 12.1;
						TestTargetID = 546CA038254D3B8300F2CA5F;
					};
				};
			};
			buildConfigurationList = 546CA034254D3B8300F2CA5F /* Build configuration list for PBXProject "BakuSnake" */;
			compatibilityVersion = "Xcode 9.3";
			developmentRegion = en;
			hasScannedForEncodings = 0;
			knownRegions = (
				en,
				Base,
			);
			mainGroup = 546CA030254D3B8300F2CA5F;
			productRefGroup = 546CA03A254D3B8300F2CA5F /* Products */;
			projectDirPath = "";
			projectRoot = "";
			targets = (
				546CA038254D3B8300F2CA5F /* BakuSnake */,
				546CA049254D3B8400F2CA5F /* BakuSnakeTests */,
				546CA054254D3B8400F2CA5F /* BakuSnakeUITests */,
			);
		};
/* End PBXProject section */

/* Begin PBXResourcesBuildPhase section */
		546CA037254D3B8300F2CA5F /* Resources */ = {
			isa = PBXResourcesBuildPhase;
			buildActionMask = 2147483647;
			files = (
				546CA044254D3B8400F2CA5F /* Preview Assets.xcassets in Resources */,
				546CA041254D3B8400F2CA5F /* Assets.xcassets in Resources */,
			);
			runOnlyForDeploymentPostprocessing = 0;
		};
		546CA048254D3B8400F2CA5F /* Resources */ = {
			isa = PBXResourcesBuildPhase;
			buildActionMask = 2147483647;
			files = (
			);
			runOnlyForDeploymentPostprocessing = 0;
		};
		546CA053254D3B8400F2CA5F /* Resources */ = {
			isa = PBXResourcesBuildPhase;
			buildActionMask = 2147483647;
			files = (
			);
			runOnlyForDeploymentPostprocessing = 0;
		};
/* End PBXResourcesBuildPhase section */

/* Begin PBXShellScriptBuildPhase section */
		263089BC23AB6A5B9B9315D7 /* [CP] Check Pods Manifest.lock */ = {
			isa = PBXShellScriptBuildPhase;
			buildActionMask = 2147483647;
			files = (
			);
			inputFileListPaths = (
			);
			inputPaths = (
				"${PODS_PODFILE_DIR_PATH}/Podfile.lock",
				"${PODS_ROOT}/Manifest.lock",
			);
			name = "[CP] Check Pods Manifest.lock";
			outputFileListPaths = (
			);
			outputPaths = (
				"$(DERIVED_FILE_DIR)/Pods-BakuSnakeTests-checkManifestLockResult.txt",
			);
			runOnlyForDeploymentPostprocessing = 0;
			shellPath = /bin/sh;
			shellScript = "diff \"${PODS_PODFILE_DIR_PATH}/Podfile.lock\" \"${PODS_ROOT}/Manifest.lock\" > /dev/null\nif [ $? != 0 ] ; then\n    # print error to STDERR\n    echo \"error: The sandbox is not in sync with the Podfile.lock. Run 'pod install' or update your CocoaPods installation.\" >&2\n    exit 1\nfi\n# This output is used by Xcode 'outputs' to avoid re-running this script phase.\necho \"SUCCESS\" > \"${SCRIPT_OUTPUT_FILE_0}\"\n";
			showEnvVarsInLog = 0;
		};
		773D762C2C6778B5CD9D76FE /* [CP] Check Pods Manifest.lock */ = {
			isa = PBXShellScriptBuildPhase;
			buildActionMask = 2147483647;
			files = (
			);
			inputFileListPaths = (
			);
			inputPaths = (
				"${PODS_PODFILE_DIR_PATH}/Podfile.lock",
				"${PODS_ROOT}/Manifest.lock",
			);
			name = "[CP] Check Pods Manifest.lock";
			outputFileListPaths = (
			);
			outputPaths = (
				"$(DERIVED_FILE_DIR)/Pods-BakuSnake-checkManifestLockResult.txt",
			);
			runOnlyForDeploymentPostprocessing = 0;
			shellPath = /bin/sh;
			shellScript = "diff \"${PODS_PODFILE_DIR_PATH}/Podfile.lock\" \"${PODS_ROOT}/Manifest.lock\" > /dev/null\nif [ $? != 0 ] ; then\n    # print error to STDERR\n    echo \"error: The sandbox is not in sync with the Podfile.lock. Run 'pod install' or update your CocoaPods installation.\" >&2\n    exit 1\nfi\n# This output is used by Xcode 'outputs' to avoid re-running this script phase.\necho \"SUCCESS\" > \"${SCRIPT_OUTPUT_FILE_0}\"\n";
			showEnvVarsInLog = 0;
		};
		C73FFEA3DD9415B664D98515 /* [CP] Check Pods Manifest.lock */ = {
			isa = PBXShellScriptBuildPhase;
			buildActionMask = 2147483647;
			files = (
			);
			inputFileListPaths = (
			);
			inputPaths = (
				"${PODS_PODFILE_DIR_PATH}/Podfile.lock",
				"${PODS_ROOT}/Manifest.lock",
			);
			name = "[CP] Check Pods Manifest.lock";
			outputFileListPaths = (
			);
			outputPaths = (
				"$(DERIVED_FILE_DIR)/Pods-BakuSnake-BakuSnakeUITests-checkManifestLockResult.txt",
			);
			runOnlyForDeploymentPostprocessing = 0;
			shellPath = /bin/sh;
			shellScript = "diff \"${PODS_PODFILE_DIR_PATH}/Podfile.lock\" \"${PODS_ROOT}/Manifest.lock\" > /dev/null\nif [ $? != 0 ] ; then\n    # print error to STDERR\n    echo \"error: The sandbox is not in sync with the Podfile.lock. Run 'pod install' or update your CocoaPods installation.\" >&2\n    exit 1\nfi\n# This output is used by Xcode 'outputs' to avoid re-running this script phase.\necho \"SUCCESS\" > \"${SCRIPT_OUTPUT_FILE_0}\"\n";
			showEnvVarsInLog = 0;
		};
/* End PBXShellScriptBuildPhase section */

/* Begin PBXSourcesBuildPhase section */
		546CA035254D3B8300F2CA5F /* Sources */ = {
			isa = PBXSourcesBuildPhase;
			buildActionMask = 2147483647;
			files = (
				546CA03F254D3B8300F2CA5F /* ContentView.swift in Sources */,
				544795E725566CC5000605F9 /* Foods.swift in Sources */,
				546CA03D254D3B8300F2CA5F /* BakuSnakeApp.swift in Sources */,
				544795D5255561DA000605F9 /* Snake.swift in Sources */,
				544795ED255D4D7F000605F9 /* GameView.swift in Sources */,
			);
			runOnlyForDeploymentPostprocessing = 0;
		};
		546CA046254D3B8400F2CA5F /* Sources */ = {
			isa = PBXSourcesBuildPhase;
			buildActionMask = 2147483647;
			files = (
				544795E825566CC5000605F9 /* Foods.swift in Sources */,
				544795D6255561DB000605F9 /* Snake.swift in Sources */,
				546CA04F254D3B8400F2CA5F /* BakuSnakeTests.swift in Sources */,
			);
			runOnlyForDeploymentPostprocessing = 0;
		};
		546CA051254D3B8400F2CA5F /* Sources */ = {
			isa = PBXSourcesBuildPhase;
			buildActionMask = 2147483647;
			files = (
				546CA05A254D3B8400F2CA5F /* BakuSnakeUITests.swift in Sources */,
			);
			runOnlyForDeploymentPostprocessing = 0;
		};
/* End PBXSourcesBuildPhase section */

/* Begin PBXTargetDependency section */
		546CA04C254D3B8400F2CA5F /* PBXTargetDependency */ = {
			isa = PBXTargetDependency;
			target = 546CA038254D3B8300F2CA5F /* BakuSnake */;
			targetProxy = 546CA04B254D3B8400F2CA5F /* PBXContainerItemProxy */;
		};
		546CA057254D3B8400F2CA5F /* PBXTargetDependency */ = {
			isa = PBXTargetDependency;
			target = 546CA038254D3B8300F2CA5F /* BakuSnake */;
			targetProxy = 546CA056254D3B8400F2CA5F /* PBXContainerItemProxy */;
		};
/* End PBXTargetDependency section */

/* Begin XCBuildConfiguration section */
		546CA05C254D3B8400F2CA5F /* Debug */ = {
			isa = XCBuildConfiguration;
			buildSettings = {
				ALWAYS_SEARCH_USER_PATHS = NO;
				CLANG_ANALYZER_NONNULL = YES;
				CLANG_ANALYZER_NUMBER_OBJECT_CONVERSION = YES_AGGRESSIVE;
				CLANG_CXX_LANGUAGE_STANDARD = "gnu++14";
				CLANG_CXX_LIBRARY = "libc++";
				CLANG_ENABLE_MODULES = YES;
				CLANG_ENABLE_OBJC_ARC = YES;
				CLANG_ENABLE_OBJC_WEAK = YES;
				CLANG_WARN_BLOCK_CAPTURE_AUTORELEASING = YES;
				CLANG_WARN_BOOL_CONVERSION = YES;
				CLANG_WARN_COMMA = YES;
				CLANG_WARN_CONSTANT_CONVERSION = YES;
				CLANG_WARN_DEPRECATED_OBJC_IMPLEMENTATIONS = YES;
				CLANG_WARN_DIRECT_OBJC_ISA_USAGE = YES_ERROR;
				CLANG_WARN_DOCUMENTATION_COMMENTS = YES;
				CLANG_WARN_EMPTY_BODY = YES;
				CLANG_WARN_ENUM_CONVERSION = YES;
				CLANG_WARN_INFINITE_RECURSION = YES;
				CLANG_WARN_INT_CONVERSION = YES;
				CLANG_WARN_NON_LITERAL_NULL_CONVERSION = YES;
				CLANG_WARN_OBJC_IMPLICIT_RETAIN_SELF = YES;
				CLANG_WARN_OBJC_LITERAL_CONVERSION = YES;
				CLANG_WARN_OBJC_ROOT_CLASS = YES_ERROR;
				CLANG_WARN_QUOTED_INCLUDE_IN_FRAMEWORK_HEADER = YES;
				CLANG_WARN_RANGE_LOOP_ANALYSIS = YES;
				CLANG_WARN_STRICT_PROTOTYPES = YES;
				CLANG_WARN_SUSPICIOUS_MOVE = YES;
				CLANG_WARN_UNGUARDED_AVAILABILITY = YES_AGGRESSIVE;
				CLANG_WARN_UNREACHABLE_CODE = YES;
				CLANG_WARN__DUPLICATE_METHOD_MATCH = YES;
				COPY_PHASE_STRIP = NO;
				DEBUG_INFORMATION_FORMAT = dwarf;
				ENABLE_STRICT_OBJC_MSGSEND = YES;
				ENABLE_TESTABILITY = YES;
				GCC_C_LANGUAGE_STANDARD = gnu11;
				GCC_DYNAMIC_NO_PIC = NO;
				GCC_NO_COMMON_BLOCKS = YES;
				GCC_OPTIMIZATION_LEVEL = 0;
				GCC_PREPROCESSOR_DEFINITIONS = (
					"DEBUG=1",
					"$(inherited)",
				);
				GCC_WARN_64_TO_32_BIT_CONVERSION = YES;
				GCC_WARN_ABOUT_RETURN_TYPE = YES_ERROR;
				GCC_WARN_UNDECLARED_SELECTOR = YES;
				GCC_WARN_UNINITIALIZED_AUTOS = YES_AGGRESSIVE;
				GCC_WARN_UNUSED_FUNCTION = YES;
				GCC_WARN_UNUSED_VARIABLE = YES;
				IPHONEOS_DEPLOYMENT_TARGET = 14.1;
				MTL_ENABLE_DEBUG_INFO = INCLUDE_SOURCE;
				MTL_FAST_MATH = YES;
				ONLY_ACTIVE_ARCH = YES;
				SDKROOT = iphoneos;
				SWIFT_ACTIVE_COMPILATION_CONDITIONS = DEBUG;
				SWIFT_OPTIMIZATION_LEVEL = "-Onone";
			};
			name = Debug;
		};
		546CA05D254D3B8400F2CA5F /* Release */ = {
			isa = XCBuildConfiguration;
			buildSettings = {
				ALWAYS_SEARCH_USER_PATHS = NO;
				CLANG_ANALYZER_NONNULL = YES;
				CLANG_ANALYZER_NUMBER_OBJECT_CONVERSION = YES_AGGRESSIVE;
				CLANG_CXX_LANGUAGE_STANDARD = "gnu++14";
				CLANG_CXX_LIBRARY = "libc++";
				CLANG_ENABLE_MODULES = YES;
				CLANG_ENABLE_OBJC_ARC = YES;
				CLANG_ENABLE_OBJC_WEAK = YES;
				CLANG_WARN_BLOCK_CAPTURE_AUTORELEASING = YES;
				CLANG_WARN_BOOL_CONVERSION = YES;
				CLANG_WARN_COMMA = YES;
				CLANG_WARN_CONSTANT_CONVERSION = YES;
				CLANG_WARN_DEPRECATED_OBJC_IMPLEMENTATIONS = YES;
				CLANG_WARN_DIRECT_OBJC_ISA_USAGE = YES_ERROR;
				CLANG_WARN_DOCUMENTATION_COMMENTS = YES;
				CLANG_WARN_EMPTY_BODY = YES;
				CLANG_WARN_ENUM_CONVERSION = YES;
				CLANG_WARN_INFINITE_RECURSION = YES;
				CLANG_WARN_INT_CONVERSION = YES;
				CLANG_WARN_NON_LITERAL_NULL_CONVERSION = YES;
				CLANG_WARN_OBJC_IMPLICIT_RETAIN_SELF = YES;
				CLANG_WARN_OBJC_LITERAL_CONVERSION = YES;
				CLANG_WARN_OBJC_ROOT_CLASS = YES_ERROR;
				CLANG_WARN_QUOTED_INCLUDE_IN_FRAMEWORK_HEADER = YES;
				CLANG_WARN_RANGE_LOOP_ANALYSIS = YES;
				CLANG_WARN_STRICT_PROTOTYPES = YES;
				CLANG_WARN_SUSPICIOUS_MOVE = YES;
				CLANG_WARN_UNGUARDED_AVAILABILITY = YES_AGGRESSIVE;
				CLANG_WARN_UNREACHABLE_CODE = YES;
				CLANG_WARN__DUPLICATE_METHOD_MATCH = YES;
				COPY_PHASE_STRIP = NO;
				DEBUG_INFORMATION_FORMAT = "dwarf-with-dsym";
				ENABLE_NS_ASSERTIONS = NO;
				ENABLE_STRICT_OBJC_MSGSEND = YES;
				GCC_C_LANGUAGE_STANDARD = gnu11;
				GCC_NO_COMMON_BLOCKS = YES;
				GCC_WARN_64_TO_32_BIT_CONVERSION = YES;
				GCC_WARN_ABOUT_RETURN_TYPE = YES_ERROR;
				GCC_WARN_UNDECLARED_SELECTOR = YES;
				GCC_WARN_UNINITIALIZED_AUTOS = YES_AGGRESSIVE;
				GCC_WARN_UNUSED_FUNCTION = YES;
				GCC_WARN_UNUSED_VARIABLE = YES;
				IPHONEOS_DEPLOYMENT_TARGET = 14.1;
				MTL_ENABLE_DEBUG_INFO = NO;
				MTL_FAST_MATH = YES;
				SDKROOT = iphoneos;
				SWIFT_COMPILATION_MODE = wholemodule;
				SWIFT_OPTIMIZATION_LEVEL = "-O";
				VALIDATE_PRODUCT = YES;
			};
			name = Release;
		};
		546CA05F254D3B8400F2CA5F /* Debug */ = {
			isa = XCBuildConfiguration;
			baseConfigurationReference = 23435561A2CC4539CDB144F1 /* Pods-BakuSnake.debug.xcconfig */;
			buildSettings = {
				ASSETCATALOG_COMPILER_APPICON_NAME = AppIcon;
				ASSETCATALOG_COMPILER_GLOBAL_ACCENT_COLOR_NAME = AccentColor;
				CODE_SIGN_STYLE = Automatic;
				DEVELOPMENT_ASSET_PATHS = "\"BakuSnake/Preview Content\"";
				DEVELOPMENT_TEAM = 6FTL76LX66;
				ENABLE_PREVIEWS = YES;
				INFOPLIST_FILE = BakuSnake/Info.plist;
				IPHONEOS_DEPLOYMENT_TARGET = 14.0;
				LD_RUNPATH_SEARCH_PATHS = (
					"$(inherited)",
					"@executable_path/Frameworks",
				);
				PRODUCT_BUNDLE_IDENTIFIER = com.iknisy.BakuSnake;
				PRODUCT_NAME = "$(TARGET_NAME)";
				SWIFT_VERSION = 5.0;
				TARGETED_DEVICE_FAMILY = "1,2";
			};
			name = Debug;
		};
		546CA060254D3B8400F2CA5F /* Release */ = {
			isa = XCBuildConfiguration;
			baseConfigurationReference = F3BD105350F1EF8B74E66C28 /* Pods-BakuSnake.release.xcconfig */;
			buildSettings = {
				ASSETCATALOG_COMPILER_APPICON_NAME = AppIcon;
				ASSETCATALOG_COMPILER_GLOBAL_ACCENT_COLOR_NAME = AccentColor;
				CODE_SIGN_STYLE = Automatic;
				DEVELOPMENT_ASSET_PATHS = "\"BakuSnake/Preview Content\"";
				DEVELOPMENT_TEAM = 6FTL76LX66;
				ENABLE_PREVIEWS = YES;
				INFOPLIST_FILE = BakuSnake/Info.plist;
				IPHONEOS_DEPLOYMENT_TARGET = 14.0;
				LD_RUNPATH_SEARCH_PATHS = (
					"$(inherited)",
					"@executable_path/Frameworks",
				);
				PRODUCT_BUNDLE_IDENTIFIER = com.iknisy.BakuSnake;
				PRODUCT_NAME = "$(TARGET_NAME)";
				SWIFT_VERSION = 5.0;
				TARGETED_DEVICE_FAMILY = "1,2";
			};
			name = Release;
		};
		546CA062254D3B8400F2CA5F /* Debug */ = {
			isa = XCBuildConfiguration;
			baseConfigurationReference = 74736E044D73A967D5DE9B55 /* Pods-BakuSnakeTests.debug.xcconfig */;
			buildSettings = {
				ALWAYS_EMBED_SWIFT_STANDARD_LIBRARIES = YES;
				BUNDLE_LOADER = "$(TEST_HOST)";
				CODE_SIGN_STYLE = Automatic;
				DEVELOPMENT_TEAM = 6FTL76LX66;
				INFOPLIST_FILE = BakuSnakeTests/Info.plist;
				IPHONEOS_DEPLOYMENT_TARGET = 14.0;
				LD_RUNPATH_SEARCH_PATHS = (
					"$(inherited)",
					"@executable_path/Frameworks",
					"@loader_path/Frameworks",
				);
				PRODUCT_BUNDLE_IDENTIFIER = com.iknisy.BakuSnakeTests;
				PRODUCT_NAME = "$(TARGET_NAME)";
				SWIFT_VERSION = 5.0;
				TARGETED_DEVICE_FAMILY = "1,2";
				TEST_HOST = "$(BUILT_PRODUCTS_DIR)/BakuSnake.app/BakuSnake";
			};
			name = Debug;
		};
		546CA063254D3B8400F2CA5F /* Release */ = {
			isa = XCBuildConfiguration;
			baseConfigurationReference = 983A5E0BE84236C6D36194BA /* Pods-BakuSnakeTests.release.xcconfig */;
			buildSettings = {
				ALWAYS_EMBED_SWIFT_STANDARD_LIBRARIES = YES;
				BUNDLE_LOADER = "$(TEST_HOST)";
				CODE_SIGN_STYLE = Automatic;
				DEVELOPMENT_TEAM = 6FTL76LX66;
				INFOPLIST_FILE = BakuSnakeTests/Info.plist;
				IPHONEOS_DEPLOYMENT_TARGET = 14.0;
				LD_RUNPATH_SEARCH_PATHS = (
					"$(inherited)",
					"@executable_path/Frameworks",
					"@loader_path/Frameworks",
				);
				PRODUCT_BUNDLE_IDENTIFIER = com.iknisy.BakuSnakeTests;
				PRODUCT_NAME = "$(TARGET_NAME)";
				SWIFT_VERSION = 5.0;
				TARGETED_DEVICE_FAMILY = "1,2";
				TEST_HOST = "$(BUILT_PRODUCTS_DIR)/BakuSnake.app/BakuSnake";
			};
			name = Release;
		};
		546CA065254D3B8400F2CA5F /* Debug */ = {
			isa = XCBuildConfiguration;
			baseConfigurationReference = 22703312A607F9F8E2395A67 /* Pods-BakuSnake-BakuSnakeUITests.debug.xcconfig */;
			buildSettings = {
				ALWAYS_EMBED_SWIFT_STANDARD_LIBRARIES = YES;
				CODE_SIGN_STYLE = Automatic;
				DEVELOPMENT_TEAM = 6FTL76LX66;
				INFOPLIST_FILE = BakuSnakeUITests/Info.plist;
				LD_RUNPATH_SEARCH_PATHS = (
					"$(inherited)",
					"@executable_path/Frameworks",
					"@loader_path/Frameworks",
				);
				PRODUCT_BUNDLE_IDENTIFIER = com.iknisy.BakuSnakeUITests;
				PRODUCT_NAME = "$(TARGET_NAME)";
				SWIFT_VERSION = 5.0;
				TARGETED_DEVICE_FAMILY = "1,2";
				TEST_TARGET_NAME = BakuSnake;
			};
			name = Debug;
		};
		546CA066254D3B8400F2CA5F /* Release */ = {
			isa = XCBuildConfiguration;
			baseConfigurationReference = 9126E026D1568390318C8B73 /* Pods-BakuSnake-BakuSnakeUITests.release.xcconfig */;
			buildSettings = {
				ALWAYS_EMBED_SWIFT_STANDARD_LIBRARIES = YES;
				CODE_SIGN_STYLE = Automatic;
				DEVELOPMENT_TEAM = 6FTL76LX66;
				INFOPLIST_FILE = BakuSnakeUITests/Info.plist;
				LD_RUNPATH_SEARCH_PATHS = (
					"$(inherited)",
					"@executable_path/Frameworks",
					"@loader_path/Frameworks",
				);
				PRODUCT_BUNDLE_IDENTIFIER = com.iknisy.BakuSnakeUITests;
				PRODUCT_NAME = "$(TARGET_NAME)";
				SWIFT_VERSION = 5.0;
				TARGETED_DEVICE_FAMILY = "1,2";
				TEST_TARGET_NAME = BakuSnake;
			};
			name = Release;
		};
/* End XCBuildConfiguration section */

/* Begin XCConfigurationList section */
		546CA034254D3B8300F2CA5F /* Build configuration list for PBXProject "BakuSnake" */ = {
			isa = XCConfigurationList;
			buildConfigurations = (
				546CA05C254D3B8400F2CA5F /* Debug */,
				546CA05D254D3B8400F2CA5F /* Release */,
			);
			defaultConfigurationIsVisible = 0;
			defaultConfigurationName = Release;
		};
		546CA05E254D3B8400F2CA5F /* Build configuration list for PBXNativeTarget "BakuSnake" */ = {
			isa = XCConfigurationList;
			buildConfigurations = (
				546CA05F254D3B8400F2CA5F /* Debug */,
				546CA060254D3B8400F2CA5F /* Release */,
			);
			defaultConfigurationIsVisible = 0;
			defaultConfigurationName = Release;
		};
		546CA061254D3B8400F2CA5F /* Build configuration list for PBXNativeTarget "BakuSnakeTests" */ = {
			isa = XCConfigurationList;
			buildConfigurations = (
				546CA062254D3B8400F2CA5F /* Debug */,
				546CA063254D3B8400F2CA5F /* Release */,
			);
			defaultConfigurationIsVisible = 0;
			defaultConfigurationName = Release;
		};
		546CA064254D3B8400F2CA5F /* Build configuration list for PBXNativeTarget "BakuSnakeUITests" */ = {
			isa = XCConfigurationList;
			buildConfigurations = (
				546CA065254D3B8400F2CA5F /* Debug */,
				546CA066254D3B8400F2CA5F /* Release */,
			);
			defaultConfigurationIsVisible = 0;
			defaultConfigurationName = Release;
		};
/* End XCConfigurationList section */
	};
	rootObject = 546CA031254D3B8300F2CA5F /* Project object */;
}
